// !$*UTF8*$!
{
	archiveVersion = 1;
	classes = {
	};
	objectVersion = 50;
	objects = {

/* Begin PBXBuildFile section */
		511DC99823F5AD69005D2E92 /* AppDelegate.swift in Sources */ = {isa = PBXBuildFile; fileRef = 511DC99723F5AD69005D2E92 /* AppDelegate.swift */; };
		511DC99A23F5AD69005D2E92 /* SceneDelegate.swift in Sources */ = {isa = PBXBuildFile; fileRef = 511DC99923F5AD69005D2E92 /* SceneDelegate.swift */; };
		511DC99C23F5AD69005D2E92 /* ContentView.swift in Sources */ = {isa = PBXBuildFile; fileRef = 511DC99B23F5AD69005D2E92 /* ContentView.swift */; };
		511DC99E23F5AD6C005D2E92 /* Assets.xcassets in Resources */ = {isa = PBXBuildFile; fileRef = 511DC99D23F5AD6C005D2E92 /* Assets.xcassets */; };
		511DC9A123F5AD6C005D2E92 /* Preview Assets.xcassets in Resources */ = {isa = PBXBuildFile; fileRef = 511DC9A023F5AD6C005D2E92 /* Preview Assets.xcassets */; };
		511DC9A423F5AD6C005D2E92 /* LaunchScreen.storyboard in Resources */ = {isa = PBXBuildFile; fileRef = 511DC9A223F5AD6C005D2E92 /* LaunchScreen.storyboard */; };
		511DC9AC23F5AE89005D2E92 /* DetailView.swift in Sources */ = {isa = PBXBuildFile; fileRef = 511DC9AB23F5AE89005D2E92 /* DetailView.swift */; };
		511DC9AE23F5AF30005D2E92 /* OpacityAndScaleView.swift in Sources */ = {isa = PBXBuildFile; fileRef = 511DC9AD23F5AF30005D2E92 /* OpacityAndScaleView.swift */; };
		511DC9B023F5BB5C005D2E92 /* SlideAndMoveView.swift in Sources */ = {isa = PBXBuildFile; fileRef = 511DC9AF23F5BB5C005D2E92 /* SlideAndMoveView.swift */; };
		511DC9B223F5BD37005D2E92 /* SlideAndCombineView.swift in Sources */ = {isa = PBXBuildFile; fileRef = 511DC9B123F5BD37005D2E92 /* SlideAndCombineView.swift */; };
/* End PBXBuildFile section */

/* Begin PBXFileReference section */
		511DC99423F5AD69005D2E92 /* Asymmetric Transition Demo.app */ = {isa = PBXFileReference; explicitFileType = wrapper.application; includeInIndex = 0; path = "Asymmetric Transition Demo.app"; sourceTree = BUILT_PRODUCTS_DIR; };
		511DC99723F5AD69005D2E92 /* AppDelegate.swift */ = {isa = PBXFileReference; lastKnownFileType = sourcecode.swift; path = AppDelegate.swift; sourceTree = "<group>"; };
		511DC99923F5AD69005D2E92 /* SceneDelegate.swift */ = {isa = PBXFileReference; lastKnownFileType = sourcecode.swift; path = SceneDelegate.swift; sourceTree = "<group>"; };
		511DC99B23F5AD69005D2E92 /* ContentView.swift */ = {isa = PBXFileReference; lastKnownFileType = sourcecode.swift; path = ContentView.swift; sourceTree = "<group>"; };
		511DC99D23F5AD6C005D2E92 /* Assets.xcassets */ = {isa = PBXFileReference; lastKnownFileType = folder.assetcatalog; path = Assets.xcassets; sourceTree = "<group>"; };
		511DC9A023F5AD6C005D2E92 /* Preview Assets.xcassets */ = {isa = PBXFileReference; lastKnownFileType = folder.assetcatalog; path = "Preview Assets.xcassets"; sourceTree = "<group>"; };
		511DC9A323F5AD6C005D2E92 /* Base */ = {isa = PBXFileReference; lastKnownFileType = file.storyboard; name = Base; path = Base.lproj/LaunchScreen.storyboard; sourceTree = "<group>"; };
		511DC9A523F5AD6C005D2E92 /* Info.plist */ = {isa = PBXFileReference; lastKnownFileType = text.plist.xml; path = Info.plist; sourceTree = "<group>"; };
		511DC9AB23F5AE89005D2E92 /* DetailView.swift */ = {isa = PBXFileReference; lastKnownFileType = sourcecode.swift; path = DetailView.swift; sourceTree = "<group>"; };
		511DC9AD23F5AF30005D2E92 /* OpacityAndScaleView.swift */ = {isa = PBXFileReference; lastKnownFileType = sourcecode.swift; path = OpacityAndScaleView.swift; sourceTree = "<group>"; };
		511DC9AF23F5BB5C005D2E92 /* SlideAndMoveView.swift */ = {isa = PBXFileReference; lastKnownFileType = sourcecode.swift; path = SlideAndMoveView.swift; sourceTree = "<group>"; };
		511DC9B123F5BD37005D2E92 /* SlideAndCombineView.swift */ = {isa = PBXFileReference; lastKnownFileType = sourcecode.swift; path = SlideAndCombineView.swift; sourceTree = "<group>"; };
/* End PBXFileReference section */

/* Begin PBXFrameworksBuildPhase section */
		511DC99123F5AD69005D2E92 /* Frameworks */ = {
			isa = PBXFrameworksBuildPhase;
			buildActionMask = 2147483647;
			files = (
			);
			runOnlyForDeploymentPostprocessing = 0;
		};
/* End PBXFrameworksBuildPhase section */

/* Begin PBXGroup section */
		511DC98B23F5AD69005D2E92 = {
			isa = PBXGroup;
			children = (
				511DC99623F5AD69005D2E92 /* Asymmetric Transition Demo */,
				511DC99523F5AD69005D2E92 /* Products */,
			);
			sourceTree = "<group>";
		};
		511DC99523F5AD69005D2E92 /* Products */ = {
			isa = PBXGroup;
			children = (
				511DC99423F5AD69005D2E92 /* Asymmetric Transition Demo.app */,
			);
			name = Products;
			sourceTree = "<group>";
		};
		511DC99623F5AD69005D2E92 /* Asymmetric Transition Demo */ = {
			isa = PBXGroup;
			children = (
				511DC99723F5AD69005D2E92 /* AppDelegate.swift */,
				511DC99923F5AD69005D2E92 /* SceneDelegate.swift */,
				511DC99B23F5AD69005D2E92 /* ContentView.swift */,
				511DC9AD23F5AF30005D2E92 /* OpacityAndScaleView.swift */,
				511DC9AF23F5BB5C005D2E92 /* SlideAndMoveView.swift */,
				511DC9B123F5BD37005D2E92 /* SlideAndCombineView.swift */,
				511DC9AB23F5AE89005D2E92 /* DetailView.swift */,
				511DC99D23F5AD6C005D2E92 /* Assets.xcassets */,
				511DC9A223F5AD6C005D2E92 /* LaunchScreen.storyboard */,
				511DC9A523F5AD6C005D2E92 /* Info.plist */,
				511DC99F23F5AD6C005D2E92 /* Preview Content */,
			);
			path = "Asymmetric Transition Demo";
			sourceTree = "<group>";
		};
		511DC99F23F5AD6C005D2E92 /* Preview Content */ = {
			isa = PBXGroup;
			children = (
				511DC9A023F5AD6C005D2E92 /* Preview Assets.xcassets */,
			);
			path = "Preview Content";
			sourceTree = "<group>";
		};
/* End PBXGroup section */

/* Begin PBXNativeTarget section */
		511DC99323F5AD69005D2E92 /* Asymmetric Transition Demo */ = {
			isa = PBXNativeTarget;
			buildConfigurationList = 511DC9A823F5AD6C005D2E92 /* Build configuration list for PBXNativeTarget "Asymmetric Transition Demo" */;
			buildPhases = (
				511DC99023F5AD69005D2E92 /* Sources */,
				511DC99123F5AD69005D2E92 /* Frameworks */,
				511DC99223F5AD69005D2E92 /* Resources */,
			);
			buildRules = (
			);
			dependencies = (
			);
			name = "Asymmetric Transition Demo";
			productName = "Asymmetric Transition Demo";
			productReference = 511DC99423F5AD69005D2E92 /* Asymmetric Transition Demo.app */;
			productType = "com.apple.product-type.application";
		};
/* End PBXNativeTarget section */

/* Begin PBXProject section */
		511DC98C23F5AD69005D2E92 /* Project object */ = {
			isa = PBXProject;
			attributes = {
				LastSwiftUpdateCheck = 1130;
				LastUpgradeCheck = 1130;
				ORGANIZATIONNAME = "Mazharul Huq";
				TargetAttributes = {
					511DC99323F5AD69005D2E92 = {
						CreatedOnToolsVersion = 11.3.1;
					};
				};
			};
			buildConfigurationList = 511DC98F23F5AD69005D2E92 /* Build configuration list for PBXProject "Asymmetric Transition Demo" */;
			compatibilityVersion = "Xcode 9.3";
			developmentRegion = en;
			hasScannedForEncodings = 0;
			knownRegions = (
				en,
				Base,
			);
			mainGroup = 511DC98B23F5AD69005D2E92;
			productRefGroup = 511DC99523F5AD69005D2E92 /* Products */;
			projectDirPath = "";
			projectRoot = "";
			targets = (
				511DC99323F5AD69005D2E92 /* Asymmetric Transition Demo */,
			);
		};
/* End PBXProject section */

/* Begin PBXResourcesBuildPhase section */
		511DC99223F5AD69005D2E92 /* Resources */ = {
			isa = PBXResourcesBuildPhase;
			buildActionMask = 2147483647;
			files = (
				511DC9A423F5AD6C005D2E92 /* LaunchScreen.storyboard in Resources */,
				511DC9A123F5AD6C005D2E92 /* Preview Assets.xcassets in Resources */,
				511DC99E23F5AD6C005D2E92 /* Assets.xcassets in Resources */,
			);
			runOnlyForDeploymentPostprocessing = 0;
		};
/* End PBXResourcesBuildPhase section */

/* Begin PBXSourcesBuildPhase section */
		511DC99023F5AD69005D2E92 /* Sources */ = {
			isa = PBXSourcesBuildPhase;
			buildActionMask = 2147483647;
			files = (
				511DC9B223F5BD37005D2E92 /* SlideAndCombineView.swift in Sources */,
				511DC99823F5AD69005D2E92 /* AppDelegate.swift in Sources */,
				511DC9AC23F5AE89005D2E92 /* DetailView.swift in Sources */,
				511DC99A23F5AD69005D2E92 /* SceneDelegate.swift in Sources */,
				511DC9AE23F5AF30005D2E92 /* OpacityAndScaleView.swift in Sources */,
				511DC99C23F5AD69005D2E92 /* ContentView.swift in Sources */,
				511DC9B023F5BB5C005D2E92 /* SlideAndMoveView.swift in Sources */,
			);
			runOnlyForDeploymentPostprocessing = 0;
		};
/* End PBXSourcesBuildPhase section */

/* Begin PBXVariantGroup section */
		511DC9A223F5AD6C005D2E92 /* LaunchScreen.storyboard */ = {
			isa = PBXVariantGroup;
			children = (
				511DC9A323F5AD6C005D2E92 /* Base */,
			);
			name = LaunchScreen.storyboard;
			sourceTree = "<group>";
		};
/* End PBXVariantGroup section */

/* Begin XCBuildConfiguration section */
		511DC9A623F5AD6C005D2E92 /* Debug */ = {
			isa = XCBuildConfiguration;
			buildSettings = {
				ALWAYS_SEARCH_USER_PATHS = NO;
				CLANG_ANALYZER_NONNULL = YES;
				CLANG_ANALYZER_NUMBER_OBJECT_CONVERSION = YES_AGGRESSIVE;
				CLANG_CXX_LANGUAGE_STANDARD = "gnu++14";
				CLANG_CXX_LIBRARY = "libc++";
				CLANG_ENABLE_MODULES = YES;
				CLANG_ENABLE_OBJC_ARC = YES;
				CLANG_ENABLE_OBJC_WEAK = YES;
				CLANG_WARN_BLOCK_CAPTURE_AUTORELEASING = YES;
				CLANG_WARN_BOOL_CONVERSION = YES;
				CLANG_WARN_COMMA = YES;
				CLANG_WARN_CONSTANT_CONVERSION = YES;
				CLANG_WARN_DEPRECATED_OBJC_IMPLEMENTATIONS = YES;
				CLANG_WARN_DIRECT_OBJC_ISA_USAGE = YES_ERROR;
				CLANG_WARN_DOCUMENTATION_COMMENTS = YES;
				CLANG_WARN_EMPTY_BODY = YES;
				CLANG_WARN_ENUM_CONVERSION = YES;
				CLANG_WARN_INFINITE_RECURSION = YES;
				CLANG_WARN_INT_CONVERSION = YES;
				CLANG_WARN_NON_LITERAL_NULL_CONVERSION = YES;
				CLANG_WARN_OBJC_IMPLICIT_RETAIN_SELF = YES;
				CLANG_WARN_OBJC_LITERAL_CONVERSION = YES;
				CLANG_WARN_OBJC_ROOT_CLASS = YES_ERROR;
				CLANG_WARN_RANGE_LOOP_ANALYSIS = YES;
				CLANG_WARN_STRICT_PROTOTYPES = YES;
				CLANG_WARN_SUSPICIOUS_MOVE = YES;
				CLANG_WARN_UNGUARDED_AVAILABILITY = YES_AGGRESSIVE;
				CLANG_WARN_UNREACHABLE_CODE = YES;
				CLANG_WARN__DUPLICATE_METHOD_MATCH = YES;
				COPY_PHASE_STRIP = NO;
				DEBUG_INFORMATION_FORMAT = dwarf;
				ENABLE_STRICT_OBJC_MSGSEND = YES;
				ENABLE_TESTABILITY = YES;
				GCC_C_LANGUAGE_STANDARD = gnu11;
				GCC_DYNAMIC_NO_PIC = NO;
				GCC_NO_COMMON_BLOCKS = YES;
				GCC_OPTIMIZATION_LEVEL = 0;
				GCC_PREPROCESSOR_DEFINITIONS = (
					"DEBUG=1",
					"$(inherited)",
				);
				GCC_WARN_64_TO_32_BIT_CONVERSION = YES;
				GCC_WARN_ABOUT_RETURN_TYPE = YES_ERROR;
				GCC_WARN_UNDECLARED_SELECTOR = YES;
				GCC_WARN_UNINITIALIZED_AUTOS = YES_AGGRESSIVE;
				GCC_WARN_UNUSED_FUNCTION = YES;
				GCC_WARN_UNUSED_VARIABLE = YES;
				IPHONEOS_DEPLOYMENT_TARGET = 13.2;
				MTL_ENABLE_DEBUG_INFO = INCLUDE_SOURCE;
				MTL_FAST_MATH = YES;
				ONLY_ACTIVE_ARCH = YES;
				SDKROOT = iphoneos;
				SWIFT_ACTIVE_COMPILATION_CONDITIONS = DEBUG;
				SWIFT_OPTIMIZATION_LEVEL = "-Onone";
			};
			name = Debug;
		};
		511DC9A723F5AD6C005D2E92 /* Release */ = {
			isa = XCBuildConfiguration;
			buildSettings = {
				ALWAYS_SEARCH_USER_PATHS = NO;
				CLANG_ANALYZER_NONNULL = YES;
				CLANG_ANALYZER_NUMBER_OBJECT_CONVERSION = YES_AGGRESSIVE;
				CLANG_CXX_LANGUAGE_STANDARD = "gnu++14";
				CLANG_CXX_LIBRARY = "libc++";
				CLANG_ENABLE_MODULES = YES;
				CLANG_ENABLE_OBJC_ARC = YES;
				CLANG_ENABLE_OBJC_WEAK = YES;
				CLANG_WARN_BLOCK_CAPTURE_AUTORELEASING = YES;
				CLANG_WARN_BOOL_CONVERSION = YES;
				CLANG_WARN_COMMA = YES;
				CLANG_WARN_CONSTANT_CONVERSION = YES;
				CLANG_WARN_DEPRECATED_OBJC_IMPLEMENTATIONS = YES;
				CLANG_WARN_DIRECT_OBJC_ISA_USAGE = YES_ERROR;
				CLANG_WARN_DOCUMENTATION_COMMENTS = YES;
				CLANG_WARN_EMPTY_BODY = YES;
				CLANG_WARN_ENUM_CONVERSION = YES;
				CLANG_WARN_INFINITE_RECURSION = YES;
				CLANG_WARN_INT_CONVERSION = YES;
				CLANG_WARN_NON_LITERAL_NULL_CONVERSION = YES;
				CLANG_WARN_OBJC_IMPLICIT_RETAIN_SELF = YES;
				CLANG_WARN_OBJC_LITERAL_CONVERSION = YES;
				CLANG_WARN_OBJC_ROOT_CLASS = YES_ERROR;
				CLANG_WARN_RANGE_LOOP_ANALYSIS = YES;
				CLANG_WARN_STRICT_PROTOTYPES = YES;
				CLANG_WARN_SUSPICIOUS_MOVE = YES;
				CLANG_WARN_UNGUARDED_AVAILABILITY = YES_AGGRESSIVE;
				CLANG_WARN_UNREACHABLE_CODE = YES;
				CLANG_WARN__DUPLICATE_METHOD_MATCH = YES;
				COPY_PHASE_STRIP = NO;
				DEBUG_INFORMATION_FORMAT = "dwarf-with-dsym";
				ENABLE_NS_ASSERTIONS = NO;
				ENABLE_STRICT_OBJC_MSGSEND = YES;
				GCC_C_LANGUAGE_STANDARD = gnu11;
				GCC_NO_COMMON_BLOCKS = YES;
				GCC_WARN_64_TO_32_BIT_CONVERSION = YES;
				GCC_WARN_ABOUT_RETURN_TYPE = YES_ERROR;
				GCC_WARN_UNDECLARED_SELECTOR = YES;
				GCC_WARN_UNINITIALIZED_AUTOS = YES_AGGRESSIVE;
				GCC_WARN_UNUSED_FUNCTION = YES;
				GCC_WARN_UNUSED_VARIABLE = YES;
				IPHONEOS_DEPLOYMENT_TARGET = 13.2;
				MTL_ENABLE_DEBUG_INFO = NO;
				MTL_FAST_MATH = YES;
				SDKROOT = iphoneos;
				SWIFT_COMPILATION_MODE = wholemodule;
				SWIFT_OPTIMIZATION_LEVEL = "-O";
				VALIDATE_PRODUCT = YES;
			};
			name = Release;
		};
		511DC9A923F5AD6C005D2E92 /* Debug */ = {
			isa = XCBuildConfiguration;
			buildSettings = {
				ASSETCATALOG_COMPILER_APPICON_NAME = AppIcon;
				CODE_SIGN_STYLE = Automatic;
				DEVELOPMENT_ASSET_PATHS = "\"Asymmetric Transition Demo/Preview Content\"";
				DEVELOPMENT_TEAM = R77BD8MPA8;
				ENABLE_PREVIEWS = YES;
				INFOPLIST_FILE = "Asymmetric Transition Demo/Info.plist";
				LD_RUNPATH_SEARCH_PATHS = (
					"$(inherited)",
					"@executable_path/Frameworks",
				);
				PRODUCT_BUNDLE_IDENTIFIER = "com.mazharul.huq.Asymmetric-Transition-Demo";
				PRODUCT_NAME = "$(TARGET_NAME)";
				SWIFT_VERSION = 5.0;
				TARGETED_DEVICE_FAMILY = "1,2";
			};
			name = Debug;
		};
		511DC9AA23F5AD6C005D2E92 /* Release */ = {
			isa = XCBuildConfiguration;
			buildSettings = {
				ASSETCATALOG_COMPILER_APPICON_NAME = AppIcon;
				CODE_SIGN_STYLE = Automatic;
				DEVELOPMENT_ASSET_PATHS = "\"Asymmetric Transition Demo/Preview Content\"";
				DEVELOPMENT_TEAM = R77BD8MPA8;
				ENABLE_PREVIEWS = YES;
				INFOPLIST_FILE = "Asymmetric Transition Demo/Info.plist";
				LD_RUNPATH_SEARCH_PATHS = (
					"$(inherited)",
					"@executable_path/Frameworks",
				);
				PRODUCT_BUNDLE_IDENTIFIER = "com.mazharul.huq.Asymmetric-Transition-Demo";
				PRODUCT_NAME = "$(TARGET_NAME)";
				SWIFT_VERSION = 5.0;
				TARGETED_DEVICE_FAMILY = "1,2";
			};
			name = Release;
		};
/* End XCBuildConfiguration section */

/* Begin XCConfigurationList section */
		511DC98F23F5AD69005D2E92 /* Build configuration list for PBXProject "Asymmetric Transition Demo" */ = {
			isa = XCConfigurationList;
			buildConfigurations = (
				511DC9A623F5AD6C005D2E92 /* Debug */,
				511DC9A723F5AD6C005D2E92 /* Release */,
			);
			defaultConfigurationIsVisible = 0;
			defaultConfigurationName = Release;
		};
		511DC9A823F5AD6C005D2E92 /* Build configuration list for PBXNativeTarget "Asymmetric Transition Demo" */ = {
			isa = XCConfigurationList;
			buildConfigurations = (
				511DC9A923F5AD6C005D2E92 /* Debug */,
				511DC9AA23F5AD6C005D2E92 /* Release */,
			);
			defaultConfigurationIsVisible = 0;
			defaultConfigurationName = Release;
		};
/* End XCConfigurationList section */
	};
	rootObject = 511DC98C23F5AD69005D2E92 /* Project object */;
}
